// !$*UTF8*$!
{
	archiveVersion = 1;
	classes = {
	};
	objectVersion = 51;
	objects = {

/* Begin PBXBuildFile section */
		0F164D782253EFAC00F04B45 /* MainMenuController.swift in Sources */ = {isa = PBXBuildFile; fileRef = 0F164D772253EFAC00F04B45 /* MainMenuController.swift */; };
		0F98C953226F74EE003DA703 /* TestARStoryController.swift in Sources */ = {isa = PBXBuildFile; fileRef = 0F98C952226F74EE003DA703 /* TestARStoryController.swift */; };
		0FD90D0722551424003BF819 /* ScoreBoardController.swift in Sources */ = {isa = PBXBuildFile; fileRef = 0FD90D0622551424003BF819 /* ScoreBoardController.swift */; };
		0FD90D09225514A2003BF819 /* PsychoTestSelectorController.swift in Sources */ = {isa = PBXBuildFile; fileRef = 0FD90D08225514A2003BF819 /* PsychoTestSelectorController.swift */; };
		0FD90D0B225514E7003BF819 /* TestIQStoryController.swift in Sources */ = {isa = PBXBuildFile; fileRef = 0FD90D0A225514E7003BF819 /* TestIQStoryController.swift */; };
		0FD90D0D225514FA003BF819 /* TestIQController.swift in Sources */ = {isa = PBXBuildFile; fileRef = 0FD90D0C225514FA003BF819 /* TestIQController.swift */; };
		0FD90D0F2255150E003BF819 /* TestRavenStoryController.swift in Sources */ = {isa = PBXBuildFile; fileRef = 0FD90D0E2255150E003BF819 /* TestRavenStoryController.swift */; };
		0FD90D1122551524003BF819 /* TestRavenController.swift in Sources */ = {isa = PBXBuildFile; fileRef = 0FD90D1022551524003BF819 /* TestRavenController.swift */; };
		0FDE98B72243F34D004D72F9 /* ARController.swift in Sources */ = {isa = PBXBuildFile; fileRef = 0FDE98B62243F34D004D72F9 /* ARController.swift */; };
		0FE313A12270DF2A00238A64 /* hand_ml.mlmodel in Sources */ = {isa = PBXBuildFile; fileRef = 0FE313A02270DF2A00238A64 /* hand_ml.mlmodel */; };
		0FE40854225BC8AC00333132 /* ServerCallAndResponse.swift in Sources */ = {isa = PBXBuildFile; fileRef = 0FE40853225BC8AC00333132 /* ServerCallAndResponse.swift */; };
		0FE64B2122402EC300A376DF /* AppDelegate.swift in Sources */ = {isa = PBXBuildFile; fileRef = 0FE64B2022402EC300A376DF /* AppDelegate.swift */; };
		0FE64B2622402EC300A376DF /* Main.storyboard in Resources */ = {isa = PBXBuildFile; fileRef = 0FE64B2422402EC300A376DF /* Main.storyboard */; };
		0FE64B2922402EC300A376DF /* PsychoTestsAR.xcdatamodeld in Sources */ = {isa = PBXBuildFile; fileRef = 0FE64B2722402EC300A376DF /* PsychoTestsAR.xcdatamodeld */; };
		0FE64B2B22402EC400A376DF /* Assets.xcassets in Resources */ = {isa = PBXBuildFile; fileRef = 0FE64B2A22402EC400A376DF /* Assets.xcassets */; };
		0FE64B2E22402EC400A376DF /* LaunchScreen.storyboard in Resources */ = {isa = PBXBuildFile; fileRef = 0FE64B2C22402EC400A376DF /* LaunchScreen.storyboard */; };
		0FE64B3922402EC500A376DF /* PsychoTestsARTests.swift in Sources */ = {isa = PBXBuildFile; fileRef = 0FE64B3822402EC500A376DF /* PsychoTestsARTests.swift */; };
		0FE64B4422402EC500A376DF /* PsychoTestsARUITests.swift in Sources */ = {isa = PBXBuildFile; fileRef = 0FE64B4322402EC500A376DF /* PsychoTestsARUITests.swift */; };
		0FFA843F226B0D9600E9EB4C /* IshiharaQuestion.swift in Sources */ = {isa = PBXBuildFile; fileRef = 0FFA843D226B0D9600E9EB4C /* IshiharaQuestion.swift */; };
		0FFA8440226B0D9600E9EB4C /* IshiharaQuestionBank.swift in Sources */ = {isa = PBXBuildFile; fileRef = 0FFA843E226B0D9600E9EB4C /* IshiharaQuestionBank.swift */; };
		0FFA8447226B0E2E00E9EB4C /* TestIshiharaStoryController.swift in Sources */ = {isa = PBXBuildFile; fileRef = 0FFA8445226B0E2E00E9EB4C /* TestIshiharaStoryController.swift */; };
		0FFA8448226B0E2E00E9EB4C /* TestIshiharaController.swift in Sources */ = {isa = PBXBuildFile; fileRef = 0FFA8446226B0E2E00E9EB4C /* TestIshiharaController.swift */; };
		0FFA844A226B0E4800E9EB4C /* CheckNetConnection.swift in Sources */ = {isa = PBXBuildFile; fileRef = 0FFA8449226B0E4800E9EB4C /* CheckNetConnection.swift */; };
		0FFA844E226B0F2500E9EB4C /* IshiharaResultViewController.swift in Sources */ = {isa = PBXBuildFile; fileRef = 0FFA844D226B0F2500E9EB4C /* IshiharaResultViewController.swift */; };
		0FFA8452226B11E500E9EB4C /* Interest.swift in Sources */ = {isa = PBXBuildFile; fileRef = 0FFA844F226B11E400E9EB4C /* Interest.swift */; };
		0FFA8453226B11E500E9EB4C /* InterestsViewController.swift in Sources */ = {isa = PBXBuildFile; fileRef = 0FFA8450226B11E400E9EB4C /* InterestsViewController.swift */; };
		0FFA8454226B11E500E9EB4C /* InterestCollectionViewCell.swift in Sources */ = {isa = PBXBuildFile; fileRef = 0FFA8451226B11E400E9EB4C /* InterestCollectionViewCell.swift */; };
		1E0D7E74226E39CC0089D9C4 /* RavenQuestion.swift in Sources */ = {isa = PBXBuildFile; fileRef = 1E0D7E73226E39CC0089D9C4 /* RavenQuestion.swift */; };
		1E0D7E76226E39E20089D9C4 /* RavenQuestionBank.swift in Sources */ = {isa = PBXBuildFile; fileRef = 1E0D7E75226E39E20089D9C4 /* RavenQuestionBank.swift */; };
		1E0D7E78226E39FD0089D9C4 /* TestRavenBadAnswerViewController.swift in Sources */ = {isa = PBXBuildFile; fileRef = 1E0D7E77226E39FD0089D9C4 /* TestRavenBadAnswerViewController.swift */; };
		1E0D7E7A226E3A670089D9C4 /* ResultViewController.swift in Sources */ = {isa = PBXBuildFile; fileRef = 1E0D7E79226E3A670089D9C4 /* ResultViewController.swift */; };
/* End PBXBuildFile section */

/* Begin PBXContainerItemProxy section */
		0FE64B3522402EC500A376DF /* PBXContainerItemProxy */ = {
			isa = PBXContainerItemProxy;
			containerPortal = 0FE64B1522402EC300A376DF /* Project object */;
			proxyType = 1;
			remoteGlobalIDString = 0FE64B1C22402EC300A376DF;
			remoteInfo = PsychoTestsAR;
		};
		0FE64B4022402EC500A376DF /* PBXContainerItemProxy */ = {
			isa = PBXContainerItemProxy;
			containerPortal = 0FE64B1522402EC300A376DF /* Project object */;
			proxyType = 1;
			remoteGlobalIDString = 0FE64B1C22402EC300A376DF;
			remoteInfo = PsychoTestsAR;
		};
/* End PBXContainerItemProxy section */

/* Begin PBXFileReference section */
		0F164D772253EFAC00F04B45 /* MainMenuController.swift */ = {isa = PBXFileReference; lastKnownFileType = sourcecode.swift; path = MainMenuController.swift; sourceTree = "<group>"; };
		0F98C952226F74EE003DA703 /* TestARStoryController.swift */ = {isa = PBXFileReference; lastKnownFileType = sourcecode.swift; path = TestARStoryController.swift; sourceTree = "<group>"; };
		0FD90D0622551424003BF819 /* ScoreBoardController.swift */ = {isa = PBXFileReference; lastKnownFileType = sourcecode.swift; path = ScoreBoardController.swift; sourceTree = "<group>"; };
		0FD90D08225514A2003BF819 /* PsychoTestSelectorController.swift */ = {isa = PBXFileReference; lastKnownFileType = sourcecode.swift; path = PsychoTestSelectorController.swift; sourceTree = "<group>"; };
		0FD90D0A225514E7003BF819 /* TestIQStoryController.swift */ = {isa = PBXFileReference; lastKnownFileType = sourcecode.swift; path = TestIQStoryController.swift; sourceTree = "<group>"; };
		0FD90D0C225514FA003BF819 /* TestIQController.swift */ = {isa = PBXFileReference; lastKnownFileType = sourcecode.swift; path = TestIQController.swift; sourceTree = "<group>"; };
		0FD90D0E2255150E003BF819 /* TestRavenStoryController.swift */ = {isa = PBXFileReference; lastKnownFileType = sourcecode.swift; path = TestRavenStoryController.swift; sourceTree = "<group>"; };
		0FD90D1022551524003BF819 /* TestRavenController.swift */ = {isa = PBXFileReference; lastKnownFileType = sourcecode.swift; path = TestRavenController.swift; sourceTree = "<group>"; };
		0FDE98B62243F34D004D72F9 /* ARController.swift */ = {isa = PBXFileReference; lastKnownFileType = sourcecode.swift; path = ARController.swift; sourceTree = "<group>"; };
		0FE313A02270DF2A00238A64 /* hand_ml.mlmodel */ = {isa = PBXFileReference; lastKnownFileType = file.mlmodel; path = hand_ml.mlmodel; sourceTree = "<group>"; };
		0FE40853225BC8AC00333132 /* ServerCallAndResponse.swift */ = {isa = PBXFileReference; lastKnownFileType = sourcecode.swift; path = ServerCallAndResponse.swift; sourceTree = "<group>"; };
		0FE64B1D22402EC300A376DF /* PsychoTestsAR.app */ = {isa = PBXFileReference; explicitFileType = wrapper.application; includeInIndex = 0; path = PsychoTestsAR.app; sourceTree = BUILT_PRODUCTS_DIR; };
		0FE64B2022402EC300A376DF /* AppDelegate.swift */ = {isa = PBXFileReference; lastKnownFileType = sourcecode.swift; path = AppDelegate.swift; sourceTree = "<group>"; };
		0FE64B2522402EC300A376DF /* Base */ = {isa = PBXFileReference; lastKnownFileType = file.storyboard; name = Base; path = Base.lproj/Main.storyboard; sourceTree = "<group>"; };
		0FE64B2822402EC300A376DF /* PsychoTestsAR.xcdatamodel */ = {isa = PBXFileReference; lastKnownFileType = wrapper.xcdatamodel; path = PsychoTestsAR.xcdatamodel; sourceTree = "<group>"; };
		0FE64B2A22402EC400A376DF /* Assets.xcassets */ = {isa = PBXFileReference; lastKnownFileType = folder.assetcatalog; path = Assets.xcassets; sourceTree = "<group>"; };
		0FE64B2D22402EC400A376DF /* Base */ = {isa = PBXFileReference; lastKnownFileType = file.storyboard; name = Base; path = Base.lproj/LaunchScreen.storyboard; sourceTree = "<group>"; };
		0FE64B2F22402EC400A376DF /* Info.plist */ = {isa = PBXFileReference; lastKnownFileType = text.plist.xml; path = Info.plist; sourceTree = "<group>"; };
		0FE64B3422402EC500A376DF /* PsychoTestsARTests.xctest */ = {isa = PBXFileReference; explicitFileType = wrapper.cfbundle; includeInIndex = 0; path = PsychoTestsARTests.xctest; sourceTree = BUILT_PRODUCTS_DIR; };
		0FE64B3822402EC500A376DF /* PsychoTestsARTests.swift */ = {isa = PBXFileReference; lastKnownFileType = sourcecode.swift; path = PsychoTestsARTests.swift; sourceTree = "<group>"; };
		0FE64B3A22402EC500A376DF /* Info.plist */ = {isa = PBXFileReference; lastKnownFileType = text.plist.xml; path = Info.plist; sourceTree = "<group>"; };
		0FE64B3F22402EC500A376DF /* PsychoTestsARUITests.xctest */ = {isa = PBXFileReference; explicitFileType = wrapper.cfbundle; includeInIndex = 0; path = PsychoTestsARUITests.xctest; sourceTree = BUILT_PRODUCTS_DIR; };
		0FE64B4322402EC500A376DF /* PsychoTestsARUITests.swift */ = {isa = PBXFileReference; lastKnownFileType = sourcecode.swift; path = PsychoTestsARUITests.swift; sourceTree = "<group>"; };
		0FE64B4522402EC500A376DF /* Info.plist */ = {isa = PBXFileReference; lastKnownFileType = text.plist.xml; path = Info.plist; sourceTree = "<group>"; };
		0FFA843D226B0D9600E9EB4C /* IshiharaQuestion.swift */ = {isa = PBXFileReference; fileEncoding = 4; lastKnownFileType = sourcecode.swift; path = IshiharaQuestion.swift; sourceTree = "<group>"; };
		0FFA843E226B0D9600E9EB4C /* IshiharaQuestionBank.swift */ = {isa = PBXFileReference; fileEncoding = 4; lastKnownFileType = sourcecode.swift; path = IshiharaQuestionBank.swift; sourceTree = "<group>"; };
		0FFA8445226B0E2E00E9EB4C /* TestIshiharaStoryController.swift */ = {isa = PBXFileReference; fileEncoding = 4; lastKnownFileType = sourcecode.swift; path = TestIshiharaStoryController.swift; sourceTree = "<group>"; };
		0FFA8446226B0E2E00E9EB4C /* TestIshiharaController.swift */ = {isa = PBXFileReference; fileEncoding = 4; lastKnownFileType = sourcecode.swift; path = TestIshiharaController.swift; sourceTree = "<group>"; };
		0FFA8449226B0E4800E9EB4C /* CheckNetConnection.swift */ = {isa = PBXFileReference; fileEncoding = 4; lastKnownFileType = sourcecode.swift; path = CheckNetConnection.swift; sourceTree = "<group>"; };
		0FFA844D226B0F2500E9EB4C /* IshiharaResultViewController.swift */ = {isa = PBXFileReference; fileEncoding = 4; lastKnownFileType = sourcecode.swift; path = IshiharaResultViewController.swift; sourceTree = "<group>"; };
		0FFA844F226B11E400E9EB4C /* Interest.swift */ = {isa = PBXFileReference; fileEncoding = 4; lastKnownFileType = sourcecode.swift; path = Interest.swift; sourceTree = "<group>"; };
		0FFA8450226B11E400E9EB4C /* InterestsViewController.swift */ = {isa = PBXFileReference; fileEncoding = 4; lastKnownFileType = sourcecode.swift; path = InterestsViewController.swift; sourceTree = "<group>"; };
		0FFA8451226B11E400E9EB4C /* InterestCollectionViewCell.swift */ = {isa = PBXFileReference; fileEncoding = 4; lastKnownFileType = sourcecode.swift; path = InterestCollectionViewCell.swift; sourceTree = "<group>"; };
		1E0D7E73226E39CC0089D9C4 /* RavenQuestion.swift */ = {isa = PBXFileReference; fileEncoding = 4; lastKnownFileType = sourcecode.swift; path = RavenQuestion.swift; sourceTree = "<group>"; };
		1E0D7E75226E39E20089D9C4 /* RavenQuestionBank.swift */ = {isa = PBXFileReference; fileEncoding = 4; lastKnownFileType = sourcecode.swift; path = RavenQuestionBank.swift; sourceTree = "<group>"; };
		1E0D7E77226E39FD0089D9C4 /* TestRavenBadAnswerViewController.swift */ = {isa = PBXFileReference; fileEncoding = 4; lastKnownFileType = sourcecode.swift; path = TestRavenBadAnswerViewController.swift; sourceTree = "<group>"; };
		1E0D7E79226E3A670089D9C4 /* ResultViewController.swift */ = {isa = PBXFileReference; fileEncoding = 4; lastKnownFileType = sourcecode.swift; path = ResultViewController.swift; sourceTree = "<group>"; };
/* End PBXFileReference section */

/* Begin PBXFrameworksBuildPhase section */
		0FE64B1A22402EC300A376DF /* Frameworks */ = {
			isa = PBXFrameworksBuildPhase;
			buildActionMask = 2147483647;
			files = (
			);
			runOnlyForDeploymentPostprocessing = 0;
		};
		0FE64B3122402EC500A376DF /* Frameworks */ = {
			isa = PBXFrameworksBuildPhase;
			buildActionMask = 2147483647;
			files = (
			);
			runOnlyForDeploymentPostprocessing = 0;
		};
		0FE64B3C22402EC500A376DF /* Frameworks */ = {
			isa = PBXFrameworksBuildPhase;
			buildActionMask = 2147483647;
			files = (
			);
			runOnlyForDeploymentPostprocessing = 0;
		};
/* End PBXFrameworksBuildPhase section */

/* Begin PBXGroup section */
		0FE64B1422402EC300A376DF = {
			isa = PBXGroup;
			children = (
				0FE64B1F22402EC300A376DF /* PsychoTestsAR */,
				0FE64B3722402EC500A376DF /* PsychoTestsARTests */,
				0FE64B4222402EC500A376DF /* PsychoTestsARUITests */,
				0FE64B1E22402EC300A376DF /* Products */,
			);
			sourceTree = "<group>";
		};
		0FE64B1E22402EC300A376DF /* Products */ = {
			isa = PBXGroup;
			children = (
				0FE64B1D22402EC300A376DF /* PsychoTestsAR.app */,
				0FE64B3422402EC500A376DF /* PsychoTestsARTests.xctest */,
				0FE64B3F22402EC500A376DF /* PsychoTestsARUITests.xctest */,
			);
			name = Products;
			sourceTree = "<group>";
		};
		0FE64B1F22402EC300A376DF /* PsychoTestsAR */ = {
			isa = PBXGroup;
			children = (
				0FE64B2F22402EC400A376DF /* Info.plist */,
				0FFA8456226B135200E9EB4C /* Model */,
				0FFA8455226B12ED00E9EB4C /* Controller */,
				0FFA8459226B146900E9EB4C /* View */,
			);
			path = PsychoTestsAR;
			sourceTree = "<group>";
		};
		0FE64B3722402EC500A376DF /* PsychoTestsARTests */ = {
			isa = PBXGroup;
			children = (
				0FE64B3822402EC500A376DF /* PsychoTestsARTests.swift */,
				0FE64B3A22402EC500A376DF /* Info.plist */,
			);
			path = PsychoTestsARTests;
			sourceTree = "<group>";
		};
		0FE64B4222402EC500A376DF /* PsychoTestsARUITests */ = {
			isa = PBXGroup;
			children = (
				0FE64B4322402EC500A376DF /* PsychoTestsARUITests.swift */,
				0FE64B4522402EC500A376DF /* Info.plist */,
			);
			path = PsychoTestsARUITests;
			sourceTree = "<group>";
		};
		0FFA8455226B12ED00E9EB4C /* Controller */ = {
			isa = PBXGroup;
			children = (
				0FD90D0A225514E7003BF819 /* TestIQStoryController.swift */,
				0F98C952226F74EE003DA703 /* TestARStoryController.swift */,
				0FD90D0C225514FA003BF819 /* TestIQController.swift */,
				0FD90D0E2255150E003BF819 /* TestRavenStoryController.swift */,
				0FD90D1022551524003BF819 /* TestRavenController.swift */,
				1E0D7E79226E3A670089D9C4 /* ResultViewController.swift */,
				0FD90D08225514A2003BF819 /* PsychoTestSelectorController.swift */,
				0FD90D0622551424003BF819 /* ScoreBoardController.swift */,
				0FDE98B62243F34D004D72F9 /* ARController.swift */,
				0FFA8446226B0E2E00E9EB4C /* TestIshiharaController.swift */,
				0FFA8445226B0E2E00E9EB4C /* TestIshiharaStoryController.swift */,
				0F164D772253EFAC00F04B45 /* MainMenuController.swift */,
				0FFA8450226B11E400E9EB4C /* InterestsViewController.swift */,
			);
			path = Controller;
			sourceTree = "<group>";
		};
		0FFA8456226B135200E9EB4C /* Model */ = {
			isa = PBXGroup;
			children = (
				1E0D7E77226E39FD0089D9C4 /* TestRavenBadAnswerViewController.swift */,
				1E0D7E75226E39E20089D9C4 /* RavenQuestionBank.swift */,
				1E0D7E73226E39CC0089D9C4 /* RavenQuestion.swift */,
				0FE64B2022402EC300A376DF /* AppDelegate.swift */,
				0FE313A02270DF2A00238A64 /* hand_ml.mlmodel */,
				0FE64B2722402EC300A376DF /* PsychoTestsAR.xcdatamodeld */,
				0FFA844F226B11E400E9EB4C /* Interest.swift */,
				0FFA8451226B11E400E9EB4C /* InterestCollectionViewCell.swift */,
				0FFA843E226B0D9600E9EB4C /* IshiharaQuestionBank.swift */,
				0FE40853225BC8AC00333132 /* ServerCallAndResponse.swift */,
				0FFA8449226B0E4800E9EB4C /* CheckNetConnection.swift */,
				0FFA844D226B0F2500E9EB4C /* IshiharaResultViewController.swift */,
				0FFA843D226B0D9600E9EB4C /* IshiharaQuestion.swift */,
			);
			path = Model;
			sourceTree = "<group>";
		};
		0FFA8459226B146900E9EB4C /* View */ = {
			isa = PBXGroup;
			children = (
				0FE64B2A22402EC400A376DF /* Assets.xcassets */,
				0FE64B2422402EC300A376DF /* Main.storyboard */,
				0FE64B2C22402EC400A376DF /* LaunchScreen.storyboard */,
			);
			path = "\U0010View";
			sourceTree = "<group>";
		};
/* End PBXGroup section */

/* Begin PBXNativeTarget section */
		0FE64B1C22402EC300A376DF /* PsychoTestsAR */ = {
			isa = PBXNativeTarget;
			buildConfigurationList = 0FE64B4822402EC500A376DF /* Build configuration list for PBXNativeTarget "PsychoTestsAR" */;
			buildPhases = (
				0FE64B1922402EC300A376DF /* Sources */,
				0FE64B1A22402EC300A376DF /* Frameworks */,
				0FE64B1B22402EC300A376DF /* Resources */,
			);
			buildRules = (
			);
			dependencies = (
			);
			name = PsychoTestsAR;
			productName = PsychoTestsAR;
			productReference = 0FE64B1D22402EC300A376DF /* PsychoTestsAR.app */;
			productType = "com.apple.product-type.application";
		};
		0FE64B3322402EC500A376DF /* PsychoTestsARTests */ = {
			isa = PBXNativeTarget;
			buildConfigurationList = 0FE64B4B22402EC500A376DF /* Build configuration list for PBXNativeTarget "PsychoTestsARTests" */;
			buildPhases = (
				0FE64B3022402EC500A376DF /* Sources */,
				0FE64B3122402EC500A376DF /* Frameworks */,
				0FE64B3222402EC500A376DF /* Resources */,
			);
			buildRules = (
			);
			dependencies = (
				0FE64B3622402EC500A376DF /* PBXTargetDependency */,
			);
			name = PsychoTestsARTests;
			productName = PsychoTestsARTests;
			productReference = 0FE64B3422402EC500A376DF /* PsychoTestsARTests.xctest */;
			productType = "com.apple.product-type.bundle.unit-test";
		};
		0FE64B3E22402EC500A376DF /* PsychoTestsARUITests */ = {
			isa = PBXNativeTarget;
			buildConfigurationList = 0FE64B4E22402EC500A376DF /* Build configuration list for PBXNativeTarget "PsychoTestsARUITests" */;
			buildPhases = (
				0FE64B3B22402EC500A376DF /* Sources */,
				0FE64B3C22402EC500A376DF /* Frameworks */,
				0FE64B3D22402EC500A376DF /* Resources */,
			);
			buildRules = (
			);
			dependencies = (
				0FE64B4122402EC500A376DF /* PBXTargetDependency */,
			);
			name = PsychoTestsARUITests;
			productName = PsychoTestsARUITests;
			productReference = 0FE64B3F22402EC500A376DF /* PsychoTestsARUITests.xctest */;
			productType = "com.apple.product-type.bundle.ui-testing";
		};
/* End PBXNativeTarget section */

/* Begin PBXProject section */
		0FE64B1522402EC300A376DF /* Project object */ = {
			isa = PBXProject;
			attributes = {
				LastSwiftUpdateCheck = 1010;
				LastUpgradeCheck = 1010;
				ORGANIZATIONNAME = PUMTeam;
				TargetAttributes = {
					0FE64B1C22402EC300A376DF = {
						CreatedOnToolsVersion = 10.1;
					};
					0FE64B3322402EC500A376DF = {
						CreatedOnToolsVersion = 10.1;
						TestTargetID = 0FE64B1C22402EC300A376DF;
					};
					0FE64B3E22402EC500A376DF = {
						CreatedOnToolsVersion = 10.1;
						TestTargetID = 0FE64B1C22402EC300A376DF;
					};
				};
			};
			buildConfigurationList = 0FE64B1822402EC300A376DF /* Build configuration list for PBXProject "PsychoTestsAR" */;
			compatibilityVersion = "Xcode 10.0";
			developmentRegion = en;
			hasScannedForEncodings = 0;
			knownRegions = (
				en,
				Base,
			);
			mainGroup = 0FE64B1422402EC300A376DF;
			productRefGroup = 0FE64B1E22402EC300A376DF /* Products */;
			projectDirPath = "";
			projectRoot = "";
			targets = (
				0FE64B1C22402EC300A376DF /* PsychoTestsAR */,
				0FE64B3322402EC500A376DF /* PsychoTestsARTests */,
				0FE64B3E22402EC500A376DF /* PsychoTestsARUITests */,
			);
		};
/* End PBXProject section */

/* Begin PBXResourcesBuildPhase section */
		0FE64B1B22402EC300A376DF /* Resources */ = {
			isa = PBXResourcesBuildPhase;
			buildActionMask = 2147483647;
			files = (
				0FE64B2E22402EC400A376DF /* LaunchScreen.storyboard in Resources */,
				0FE64B2B22402EC400A376DF /* Assets.xcassets in Resources */,
				0FE64B2622402EC300A376DF /* Main.storyboard in Resources */,
			);
			runOnlyForDeploymentPostprocessing = 0;
		};
		0FE64B3222402EC500A376DF /* Resources */ = {
			isa = PBXResourcesBuildPhase;
			buildActionMask = 2147483647;
			files = (
			);
			runOnlyForDeploymentPostprocessing = 0;
		};
		0FE64B3D22402EC500A376DF /* Resources */ = {
			isa = PBXResourcesBuildPhase;
			buildActionMask = 2147483647;
			files = (
			);
			runOnlyForDeploymentPostprocessing = 0;
		};
/* End PBXResourcesBuildPhase section */

/* Begin PBXSourcesBuildPhase section */
		0FE64B1922402EC300A376DF /* Sources */ = {
			isa = PBXSourcesBuildPhase;
			buildActionMask = 2147483647;
			files = (
				0FD90D09225514A2003BF819 /* PsychoTestSelectorController.swift in Sources */,
				0FD90D0D225514FA003BF819 /* TestIQController.swift in Sources */,
				0FDE98B72243F34D004D72F9 /* ARController.swift in Sources */,
				0FD90D0722551424003BF819 /* ScoreBoardController.swift in Sources */,
				0FFA8453226B11E500E9EB4C /* InterestsViewController.swift in Sources */,
				0FFA8447226B0E2E00E9EB4C /* TestIshiharaStoryController.swift in Sources */,
				0F98C953226F74EE003DA703 /* TestARStoryController.swift in Sources */,
				0FFA8452226B11E500E9EB4C /* Interest.swift in Sources */,
				1E0D7E76226E39E20089D9C4 /* RavenQuestionBank.swift in Sources */,
				0FD90D1122551524003BF819 /* TestRavenController.swift in Sources */,
				1E0D7E7A226E3A670089D9C4 /* ResultViewController.swift in Sources */,
				0FE64B2922402EC300A376DF /* PsychoTestsAR.xcdatamodeld in Sources */,
				0FD90D0F2255150E003BF819 /* TestRavenStoryController.swift in Sources */,
				0FFA8448226B0E2E00E9EB4C /* TestIshiharaController.swift in Sources */,
				0FFA844A226B0E4800E9EB4C /* CheckNetConnection.swift in Sources */,
				0FE40854225BC8AC00333132 /* ServerCallAndResponse.swift in Sources */,
				0FE64B2122402EC300A376DF /* AppDelegate.swift in Sources */,
				0FFA8454226B11E500E9EB4C /* InterestCollectionViewCell.swift in Sources */,
				0FE313A12270DF2A00238A64 /* hand_ml.mlmodel in Sources */,
				1E0D7E74226E39CC0089D9C4 /* RavenQuestion.swift in Sources */,
				0FD90D0B225514E7003BF819 /* TestIQStoryController.swift in Sources */,
				1E0D7E78226E39FD0089D9C4 /* TestRavenBadAnswerViewController.swift in Sources */,
				0FFA843F226B0D9600E9EB4C /* IshiharaQuestion.swift in Sources */,
				0FFA8440226B0D9600E9EB4C /* IshiharaQuestionBank.swift in Sources */,
				0F164D782253EFAC00F04B45 /* MainMenuController.swift in Sources */,
				0FFA844E226B0F2500E9EB4C /* IshiharaResultViewController.swift in Sources */,
			);
			runOnlyForDeploymentPostprocessing = 0;
		};
		0FE64B3022402EC500A376DF /* Sources */ = {
			isa = PBXSourcesBuildPhase;
			buildActionMask = 2147483647;
			files = (
				0FE64B3922402EC500A376DF /* PsychoTestsARTests.swift in Sources */,
			);
			runOnlyForDeploymentPostprocessing = 0;
		};
		0FE64B3B22402EC500A376DF /* Sources */ = {
			isa = PBXSourcesBuildPhase;
			buildActionMask = 2147483647;
			files = (
				0FE64B4422402EC500A376DF /* PsychoTestsARUITests.swift in Sources */,
			);
			runOnlyForDeploymentPostprocessing = 0;
		};
/* End PBXSourcesBuildPhase section */

/* Begin PBXTargetDependency section */
		0FE64B3622402EC500A376DF /* PBXTargetDependency */ = {
			isa = PBXTargetDependency;
			target = 0FE64B1C22402EC300A376DF /* PsychoTestsAR */;
			targetProxy = 0FE64B3522402EC500A376DF /* PBXContainerItemProxy */;
		};
		0FE64B4122402EC500A376DF /* PBXTargetDependency */ = {
			isa = PBXTargetDependency;
			target = 0FE64B1C22402EC300A376DF /* PsychoTestsAR */;
			targetProxy = 0FE64B4022402EC500A376DF /* PBXContainerItemProxy */;
		};
/* End PBXTargetDependency section */

/* Begin PBXVariantGroup section */
		0FE64B2422402EC300A376DF /* Main.storyboard */ = {
			isa = PBXVariantGroup;
			children = (
				0FE64B2522402EC300A376DF /* Base */,
			);
			name = Main.storyboard;
			sourceTree = "<group>";
		};
		0FE64B2C22402EC400A376DF /* LaunchScreen.storyboard */ = {
			isa = PBXVariantGroup;
			children = (
				0FE64B2D22402EC400A376DF /* Base */,
			);
			name = LaunchScreen.storyboard;
			sourceTree = "<group>";
		};
/* End PBXVariantGroup section */

/* Begin XCBuildConfiguration section */
		0FE64B4622402EC500A376DF /* Debug */ = {
			isa = XCBuildConfiguration;
			buildSettings = {
				ALWAYS_SEARCH_USER_PATHS = NO;
				CLANG_ANALYZER_NONNULL = YES;
				CLANG_ANALYZER_NUMBER_OBJECT_CONVERSION = YES_AGGRESSIVE;
				CLANG_CXX_LANGUAGE_STANDARD = "gnu++14";
				CLANG_CXX_LIBRARY = "libc++";
				CLANG_ENABLE_MODULES = YES;
				CLANG_ENABLE_OBJC_ARC = YES;
				CLANG_ENABLE_OBJC_WEAK = YES;
				CLANG_WARN_BLOCK_CAPTURE_AUTORELEASING = YES;
				CLANG_WARN_BOOL_CONVERSION = YES;
				CLANG_WARN_COMMA = YES;
				CLANG_WARN_CONSTANT_CONVERSION = YES;
				CLANG_WARN_DEPRECATED_OBJC_IMPLEMENTATIONS = YES;
				CLANG_WARN_DIRECT_OBJC_ISA_USAGE = YES_ERROR;
				CLANG_WARN_DOCUMENTATION_COMMENTS = YES;
				CLANG_WARN_EMPTY_BODY = YES;
				CLANG_WARN_ENUM_CONVERSION = YES;
				CLANG_WARN_INFINITE_RECURSION = YES;
				CLANG_WARN_INT_CONVERSION = YES;
				CLANG_WARN_NON_LITERAL_NULL_CONVERSION = YES;
				CLANG_WARN_OBJC_IMPLICIT_RETAIN_SELF = YES;
				CLANG_WARN_OBJC_LITERAL_CONVERSION = YES;
				CLANG_WARN_OBJC_ROOT_CLASS = YES_ERROR;
				CLANG_WARN_RANGE_LOOP_ANALYSIS = YES;
				CLANG_WARN_STRICT_PROTOTYPES = YES;
				CLANG_WARN_SUSPICIOUS_MOVE = YES;
				CLANG_WARN_UNGUARDED_AVAILABILITY = YES_AGGRESSIVE;
				CLANG_WARN_UNREACHABLE_CODE = YES;
				CLANG_WARN__DUPLICATE_METHOD_MATCH = YES;
				CODE_SIGN_IDENTITY = "iPhone Developer";
				COPY_PHASE_STRIP = NO;
				DEBUG_INFORMATION_FORMAT = dwarf;
				ENABLE_STRICT_OBJC_MSGSEND = YES;
				ENABLE_TESTABILITY = YES;
				GCC_C_LANGUAGE_STANDARD = gnu11;
				GCC_DYNAMIC_NO_PIC = NO;
				GCC_NO_COMMON_BLOCKS = YES;
				GCC_OPTIMIZATION_LEVEL = 0;
				GCC_PREPROCESSOR_DEFINITIONS = (
					"DEBUG=1",
					"$(inherited)",
				);
				GCC_WARN_64_TO_32_BIT_CONVERSION = YES;
				GCC_WARN_ABOUT_RETURN_TYPE = YES_ERROR;
				GCC_WARN_UNDECLARED_SELECTOR = YES;
				GCC_WARN_UNINITIALIZED_AUTOS = YES_AGGRESSIVE;
				GCC_WARN_UNUSED_FUNCTION = YES;
				GCC_WARN_UNUSED_VARIABLE = YES;
				IPHONEOS_DEPLOYMENT_TARGET = 12.1;
				MTL_ENABLE_DEBUG_INFO = INCLUDE_SOURCE;
				MTL_FAST_MATH = YES;
				ONLY_ACTIVE_ARCH = YES;
				SDKROOT = iphoneos;
				SWIFT_ACTIVE_COMPILATION_CONDITIONS = DEBUG;
				SWIFT_OPTIMIZATION_LEVEL = "-Onone";
			};
			name = Debug;
		};
		0FE64B4722402EC500A376DF /* Release */ = {
			isa = XCBuildConfiguration;
			buildSettings = {
				ALWAYS_SEARCH_USER_PATHS = NO;
				CLANG_ANALYZER_NONNULL = YES;
				CLANG_ANALYZER_NUMBER_OBJECT_CONVERSION = YES_AGGRESSIVE;
				CLANG_CXX_LANGUAGE_STANDARD = "gnu++14";
				CLANG_CXX_LIBRARY = "libc++";
				CLANG_ENABLE_MODULES = YES;
				CLANG_ENABLE_OBJC_ARC = YES;
				CLANG_ENABLE_OBJC_WEAK = YES;
				CLANG_WARN_BLOCK_CAPTURE_AUTORELEASING = YES;
				CLANG_WARN_BOOL_CONVERSION = YES;
				CLANG_WARN_COMMA = YES;
				CLANG_WARN_CONSTANT_CONVERSION = YES;
				CLANG_WARN_DEPRECATED_OBJC_IMPLEMENTATIONS = YES;
				CLANG_WARN_DIRECT_OBJC_ISA_USAGE = YES_ERROR;
				CLANG_WARN_DOCUMENTATION_COMMENTS = YES;
				CLANG_WARN_EMPTY_BODY = YES;
				CLANG_WARN_ENUM_CONVERSION = YES;
				CLANG_WARN_INFINITE_RECURSION = YES;
				CLANG_WARN_INT_CONVERSION = YES;
				CLANG_WARN_NON_LITERAL_NULL_CONVERSION = YES;
				CLANG_WARN_OBJC_IMPLICIT_RETAIN_SELF = YES;
				CLANG_WARN_OBJC_LITERAL_CONVERSION = YES;
				CLANG_WARN_OBJC_ROOT_CLASS = YES_ERROR;
				CLANG_WARN_RANGE_LOOP_ANALYSIS = YES;
				CLANG_WARN_STRICT_PROTOTYPES = YES;
				CLANG_WARN_SUSPICIOUS_MOVE = YES;
				CLANG_WARN_UNGUARDED_AVAILABILITY = YES_AGGRESSIVE;
				CLANG_WARN_UNREACHABLE_CODE = YES;
				CLANG_WARN__DUPLICATE_METHOD_MATCH = YES;
				CODE_SIGN_IDENTITY = "iPhone Developer";
				COPY_PHASE_STRIP = NO;
				DEBUG_INFORMATION_FORMAT = "dwarf-with-dsym";
				ENABLE_NS_ASSERTIONS = NO;
				ENABLE_STRICT_OBJC_MSGSEND = YES;
				GCC_C_LANGUAGE_STANDARD = gnu11;
				GCC_NO_COMMON_BLOCKS = YES;
				GCC_WARN_64_TO_32_BIT_CONVERSION = YES;
				GCC_WARN_ABOUT_RETURN_TYPE = YES_ERROR;
				GCC_WARN_UNDECLARED_SELECTOR = YES;
				GCC_WARN_UNINITIALIZED_AUTOS = YES_AGGRESSIVE;
				GCC_WARN_UNUSED_FUNCTION = YES;
				GCC_WARN_UNUSED_VARIABLE = YES;
				IPHONEOS_DEPLOYMENT_TARGET = 12.1;
				MTL_ENABLE_DEBUG_INFO = NO;
				MTL_FAST_MATH = YES;
				SDKROOT = iphoneos;
				SWIFT_COMPILATION_MODE = wholemodule;
				SWIFT_OPTIMIZATION_LEVEL = "-O";
				VALIDATE_PRODUCT = YES;
			};
			name = Release;
		};
		0FE64B4922402EC500A376DF /* Debug */ = {
			isa = XCBuildConfiguration;
			buildSettings = {
				ASSETCATALOG_COMPILER_APPICON_NAME = AppIcon;
				CODE_SIGN_IDENTITY = "iPhone Developer";
				CODE_SIGN_STYLE = Automatic;
				DEVELOPMENT_TEAM = AYV8L43UCQ;
				INFOPLIST_FILE = PsychoTestsAR/Info.plist;
				IPHONEOS_DEPLOYMENT_TARGET = 12.1;
				LD_RUNPATH_SEARCH_PATHS = (
					"$(inherited)",
					"@executable_path/Frameworks",
				);
				PRODUCT_BUNDLE_IDENTIFIER = PUM.PsychoTestsAR;
				PRODUCT_NAME = "$(TARGET_NAME)";
				PROVISIONING_PROFILE_SPECIFIER = "";
				SWIFT_VERSION = 4.2;
				TARGETED_DEVICE_FAMILY = "1,2";
			};
			name = Debug;
		};
		0FE64B4A22402EC500A376DF /* Release */ = {
			isa = XCBuildConfiguration;
			buildSettings = {
				ASSETCATALOG_COMPILER_APPICON_NAME = AppIcon;
				CODE_SIGN_IDENTITY = "iPhone Developer";
				CODE_SIGN_STYLE = Automatic;
				DEVELOPMENT_TEAM = AYV8L43UCQ;
				INFOPLIST_FILE = PsychoTestsAR/Info.plist;
				IPHONEOS_DEPLOYMENT_TARGET = 12.1;
				LD_RUNPATH_SEARCH_PATHS = (
					"$(inherited)",
					"@executable_path/Frameworks",
				);
				PRODUCT_BUNDLE_IDENTIFIER = PUM.PsychoTestsAR;
				PRODUCT_NAME = "$(TARGET_NAME)";
				PROVISIONING_PROFILE_SPECIFIER = "";
				SWIFT_VERSION = 4.2;
				TARGETED_DEVICE_FAMILY = "1,2";
			};
			name = Release;
		};
		0FE64B4C22402EC500A376DF /* Debug */ = {
			isa = XCBuildConfiguration;
			buildSettings = {
				ALWAYS_EMBED_SWIFT_STANDARD_LIBRARIES = YES;
				BUNDLE_LOADER = "$(TEST_HOST)";
				CODE_SIGN_STYLE = Automatic;
				DEVELOPMENT_TEAM = AYV8L43UCQ;
				INFOPLIST_FILE = PsychoTestsARTests/Info.plist;
				LD_RUNPATH_SEARCH_PATHS = (
					"$(inherited)",
					"@executable_path/Frameworks",
					"@loader_path/Frameworks",
				);
				PRODUCT_BUNDLE_IDENTIFIER = PUM.PsychoTestsARTests;
				PRODUCT_NAME = "$(TARGET_NAME)";
				SWIFT_VERSION = 4.2;
				TARGETED_DEVICE_FAMILY = "1,2";
				TEST_HOST = "$(BUILT_PRODUCTS_DIR)/PsychoTestsAR.app/PsychoTestsAR";
			};
			name = Debug;
		};
		0FE64B4D22402EC500A376DF /* Release */ = {
			isa = XCBuildConfiguration;
			buildSettings = {
				ALWAYS_EMBED_SWIFT_STANDARD_LIBRARIES = YES;
				BUNDLE_LOADER = "$(TEST_HOST)";
				CODE_SIGN_STYLE = Automatic;
				DEVELOPMENT_TEAM = AYV8L43UCQ;
				INFOPLIST_FILE = PsychoTestsARTests/Info.plist;
				LD_RUNPATH_SEARCH_PATHS = (
					"$(inherited)",
					"@executable_path/Frameworks",
					"@loader_path/Frameworks",
				);
				PRODUCT_BUNDLE_IDENTIFIER = PUM.PsychoTestsARTests;
				PRODUCT_NAME = "$(TARGET_NAME)";
				SWIFT_VERSION = 4.2;
				TARGETED_DEVICE_FAMILY = "1,2";
				TEST_HOST = "$(BUILT_PRODUCTS_DIR)/PsychoTestsAR.app/PsychoTestsAR";
			};
			name = Release;
		};
		0FE64B4F22402EC500A376DF /* Debug */ = {
			isa = XCBuildConfiguration;
			buildSettings = {
				ALWAYS_EMBED_SWIFT_STANDARD_LIBRARIES = YES;
				CODE_SIGN_STYLE = Automatic;
				DEVELOPMENT_TEAM = AYV8L43UCQ;
				INFOPLIST_FILE = PsychoTestsARUITests/Info.plist;
				LD_RUNPATH_SEARCH_PATHS = (
					"$(inherited)",
					"@executable_path/Frameworks",
					"@loader_path/Frameworks",
				);
				PRODUCT_BUNDLE_IDENTIFIER = PUM.PsychoTestsARUITests;
				PRODUCT_NAME = "$(TARGET_NAME)";
				SWIFT_VERSION = 4.2;
				TARGETED_DEVICE_FAMILY = "1,2";
				TEST_TARGET_NAME = PsychoTestsAR;
			};
			name = Debug;
		};
		0FE64B5022402EC500A376DF /* Release */ = {
			isa = XCBuildConfiguration;
			buildSettings = {
				ALWAYS_EMBED_SWIFT_STANDARD_LIBRARIES = YES;
				CODE_SIGN_STYLE = Automatic;
				DEVELOPMENT_TEAM = AYV8L43UCQ;
				INFOPLIST_FILE = PsychoTestsARUITests/Info.plist;
				LD_RUNPATH_SEARCH_PATHS = (
					"$(inherited)",
					"@executable_path/Frameworks",
					"@loader_path/Frameworks",
				);
				PRODUCT_BUNDLE_IDENTIFIER = PUM.PsychoTestsARUITests;
				PRODUCT_NAME = "$(TARGET_NAME)";
				SWIFT_VERSION = 4.2;
				TARGETED_DEVICE_FAMILY = "1,2";
				TEST_TARGET_NAME = PsychoTestsAR;
			};
			name = Release;
		};
/* End XCBuildConfiguration section */

/* Begin XCConfigurationList section */
		0FE64B1822402EC300A376DF /* Build configuration list for PBXProject "PsychoTestsAR" */ = {
			isa = XCConfigurationList;
			buildConfigurations = (
				0FE64B4622402EC500A376DF /* Debug */,
				0FE64B4722402EC500A376DF /* Release */,
			);
			defaultConfigurationIsVisible = 0;
			defaultConfigurationName = Release;
		};
		0FE64B4822402EC500A376DF /* Build configuration list for PBXNativeTarget "PsychoTestsAR" */ = {
			isa = XCConfigurationList;
			buildConfigurations = (
				0FE64B4922402EC500A376DF /* Debug */,
				0FE64B4A22402EC500A376DF /* Release */,
			);
			defaultConfigurationIsVisible = 0;
			defaultConfigurationName = Release;
		};
		0FE64B4B22402EC500A376DF /* Build configuration list for PBXNativeTarget "PsychoTestsARTests" */ = {
			isa = XCConfigurationList;
			buildConfigurations = (
				0FE64B4C22402EC500A376DF /* Debug */,
				0FE64B4D22402EC500A376DF /* Release */,
			);
			defaultConfigurationIsVisible = 0;
			defaultConfigurationName = Release;
		};
		0FE64B4E22402EC500A376DF /* Build configuration list for PBXNativeTarget "PsychoTestsARUITests" */ = {
			isa = XCConfigurationList;
			buildConfigurations = (
				0FE64B4F22402EC500A376DF /* Debug */,
				0FE64B5022402EC500A376DF /* Release */,
			);
			defaultConfigurationIsVisible = 0;
			defaultConfigurationName = Release;
		};
/* End XCConfigurationList section */

/* Begin XCVersionGroup section */
		0FE64B2722402EC300A376DF /* PsychoTestsAR.xcdatamodeld */ = {
			isa = XCVersionGroup;
			children = (
				0FE64B2822402EC300A376DF /* PsychoTestsAR.xcdatamodel */,
			);
			currentVersion = 0FE64B2822402EC300A376DF /* PsychoTestsAR.xcdatamodel */;
			path = PsychoTestsAR.xcdatamodeld;
			sourceTree = "<group>";
			versionGroupType = wrapper.xcdatamodel;
		};
/* End XCVersionGroup section */
	};
	rootObject = 0FE64B1522402EC300A376DF /* Project object */;
}
